
Microsoft Visual Studio Solution File, Format Version 12.00
# Visual Studio 15
VisualStudioVersion = 15.0.28010.2016
MinimumVisualStudioVersion = 10.0.40219.1
Project("{8BC9CEB8-8B4A-11D0-8D11-00A0C91BC942}") = "WWC IUT", "WWC IUT\WWC IUT.vcxproj", "{0FFBF52A-62FB-4147-AB32-9D1CD1881032}"
EndProject
Project("{54435603-DBB4-11D2-8724-00A0C9A8B90C}") = "Wild West City", "Wild West City\Wild West City.vdproj", "{7EF1467A-C425-42FF-9331-C5B8B838BD08}"
EndProject
Global
	GlobalSection(SolutionConfigurationPlatforms) = preSolution
		Debug|Win32 = Debug|Win32
		Release|Win32 = Release|Win32
	EndGlobalSection
	GlobalSection(ProjectConfigurationPlatforms) = postSolution
		{0FFBF52A-62FB-4147-AB32-9D1CD1881032}.Debug|Win32.ActiveCfg = Debug|Win32
		{0FFBF52A-62FB-4147-AB32-9D1CD1881032}.Debug|Win32.Build.0 = Debug|Win32
		{0FFBF52A-62FB-4147-AB32-9D1CD1881032}.Release|Win32.ActiveCfg = Release|Win32
		{0FFBF52A-62FB-4147-AB32-9D1CD1881032}.Release|Win32.Build.0 = Release|Win32
		{7EF1467A-C425-42FF-9331-C5B8B838BD08}.Debug|Win32.ActiveCfg = Debug
		{7EF1467A-C425-42FF-9331-C5B8B838BD08}.Release|Win32.ActiveCfg = Release
	EndGlobalSection
	GlobalSection(SolutionProperties) = preSolution
		HideSolutionNode = FALSE
	EndGlobalSection
	GlobalSection(ExtensibilityGlobals) = postSolution
		SolutionGuid = {2D390A11-1921-47BD-8012-25B8C6548C11}
	EndGlobalSection
EndGlobal
